
Microsoft Visual Studio Solution File, Format Version 12.00
# Visual Studio Version 17
VisualStudioVersion = 17.8.34330.188
MinimumVisualStudioVersion = 10.0.40219.1
Project("{9A19103F-16F7-4668-BE54-9A1E7A4F7556}") = "next.web", "next.web\next.web.csproj", "{C983786A-71C9-4BFA-9C5F-1DFE2B6F23B2}"
EndProject
Project("{9A19103F-16F7-4668-BE54-9A1E7A4F7556}") = "next.web.tests", "next.web.tests\next.web.tests.csproj", "{14EAE74C-4768-47BB-BE5E-D339B8BCA81E}"
EndProject
Project("{9A19103F-16F7-4668-BE54-9A1E7A4F7556}") = "next.web.core", "next.web.core\next.web.core.csproj", "{6143949A-FC3F-48B1-9802-D102C78AADAC}"
EndProject
Project("{2150E333-8FDC-42A3-9474-1A3956D46DE8}") = "_publish", "_publish", "{DCAB0D7B-1FA1-4391-8BC8-5B74E080613E}"
	ProjectSection(SolutionItems) = preProject
		..\web.maintenance.version.json = ..\web.maintenance.version.json
		..\web.version.json = ..\web.version.json
		next.web\z-app-version-notes.json = next.web\z-app-version-notes.json
		next.web\z-app-version.json = next.web\z-app-version.json
	EndProjectSection
EndProject
Project("{FAE04EC0-301F-11D3-BF4B-00C04F79EFBC}") = "next.maintenance.web", "next.maintenance.web\next.maintenance.web.csproj", "{22348ECB-1D91-48BA-80B3-18926C332DCA}"
EndProject
Project("{2150E333-8FDC-42A3-9474-1A3956D46DE8}") = "website", "website", "{803AA786-F3AE-4BAB-B73B-A2CC3D4884A7}"
EndProject
Project("{2150E333-8FDC-42A3-9474-1A3956D46DE8}") = "maintenance", "maintenance", "{80C3CEDC-D1B5-4D48-B463-835D4EFB7CCA}"
EndProject
Global
	GlobalSection(SolutionConfigurationPlatforms) = preSolution
		Debug|Any CPU = Debug|Any CPU
		Release|Any CPU = Release|Any CPU
	EndGlobalSection
	GlobalSection(ProjectConfigurationPlatforms) = postSolution
		{C983786A-71C9-4BFA-9C5F-1DFE2B6F23B2}.Debug|Any CPU.ActiveCfg = Debug|Any CPU
		{C983786A-71C9-4BFA-9C5F-1DFE2B6F23B2}.Debug|Any CPU.Build.0 = Debug|Any CPU
		{C983786A-71C9-4BFA-9C5F-1DFE2B6F23B2}.Release|Any CPU.ActiveCfg = Release|Any CPU
		{C983786A-71C9-4BFA-9C5F-1DFE2B6F23B2}.Release|Any CPU.Build.0 = Release|Any CPU
		{14EAE74C-4768-47BB-BE5E-D339B8BCA81E}.Debug|Any CPU.ActiveCfg = Debug|Any CPU
		{14EAE74C-4768-47BB-BE5E-D339B8BCA81E}.Debug|Any CPU.Build.0 = Debug|Any CPU
		{14EAE74C-4768-47BB-BE5E-D339B8BCA81E}.Release|Any CPU.ActiveCfg = Release|Any CPU
		{14EAE74C-4768-47BB-BE5E-D339B8BCA81E}.Release|Any CPU.Build.0 = Release|Any CPU
		{6143949A-FC3F-48B1-9802-D102C78AADAC}.Debug|Any CPU.ActiveCfg = Debug|Any CPU
		{6143949A-FC3F-48B1-9802-D102C78AADAC}.Debug|Any CPU.Build.0 = Debug|Any CPU
		{6143949A-FC3F-48B1-9802-D102C78AADAC}.Release|Any CPU.ActiveCfg = Release|Any CPU
		{6143949A-FC3F-48B1-9802-D102C78AADAC}.Release|Any CPU.Build.0 = Release|Any CPU
		{22348ECB-1D91-48BA-80B3-18926C332DCA}.Debug|Any CPU.ActiveCfg = Debug|Any CPU
		{22348ECB-1D91-48BA-80B3-18926C332DCA}.Debug|Any CPU.Build.0 = Debug|Any CPU
		{22348ECB-1D91-48BA-80B3-18926C332DCA}.Release|Any CPU.ActiveCfg = Release|Any CPU
		{22348ECB-1D91-48BA-80B3-18926C332DCA}.Release|Any CPU.Build.0 = Release|Any CPU
	EndGlobalSection
	GlobalSection(SolutionProperties) = preSolution
		HideSolutionNode = FALSE
	EndGlobalSection
	GlobalSection(NestedProjects) = preSolution
		{C983786A-71C9-4BFA-9C5F-1DFE2B6F23B2} = {803AA786-F3AE-4BAB-B73B-A2CC3D4884A7}
		{14EAE74C-4768-47BB-BE5E-D339B8BCA81E} = {803AA786-F3AE-4BAB-B73B-A2CC3D4884A7}
		{6143949A-FC3F-48B1-9802-D102C78AADAC} = {803AA786-F3AE-4BAB-B73B-A2CC3D4884A7}
		{22348ECB-1D91-48BA-80B3-18926C332DCA} = {80C3CEDC-D1B5-4D48-B463-835D4EFB7CCA}
	EndGlobalSection
	GlobalSection(ExtensibilityGlobals) = postSolution
		SolutionGuid = {2F894833-1B26-4FA5-9B61-20A6C1EAFFE6}
	EndGlobalSection
EndGlobal
